
Microsoft Visual Studio Solution File, Format Version 12.00
# Visual Studio Version 17
VisualStudioVersion = 17.4.33205.214
MinimumVisualStudioVersion = 10.0.40219.1
Project("{2150E333-8FDC-42A3-9474-1A3956D46DE8}") = "BookingService", "BookingService", "{E51704A4-74A6-4ACD-AB75-F3EDB07B75B0}"
EndProject
Project("{2150E333-8FDC-42A3-9474-1A3956D46DE8}") = "Adapters", "Adapters", "{6B8476F8-6C87-4937-940F-D35956DD219A}"
EndProject
Project("{2150E333-8FDC-42A3-9474-1A3956D46DE8}") = "Consumers", "Consumers", "{C44D92E5-B5D9-4E7A-B17F-57F3FCFC246B}"
EndProject
Project("{2150E333-8FDC-42A3-9474-1A3956D46DE8}") = "Core", "Core", "{99683532-E210-4267-8938-1A23384CF518}"
EndProject
Project("{2150E333-8FDC-42A3-9474-1A3956D46DE8}") = "Application", "Application", "{566ED0CA-9FBC-4DFE-B6DE-F2E55104B212}"
EndProject
Project("{2150E333-8FDC-42A3-9474-1A3956D46DE8}") = "Domain", "Domain", "{FD7CF4A9-3662-44C1-88C2-C7A3D6FC9A2C}"
EndProject
Project("{2150E333-8FDC-42A3-9474-1A3956D46DE8}") = "Tests", "Tests", "{F5723664-4D68-49F5-987C-8E0E293E7BE9}"
EndProject
Project("{2150E333-8FDC-42A3-9474-1A3956D46DE8}") = "PaymentService", "PaymentService", "{1FAB510F-2519-4A85-BD6E-2B3E4BDEEAC5}"
EndProject
Project("{2150E333-8FDC-42A3-9474-1A3956D46DE8}") = "Domain", "Domain", "{87E0124D-CD75-437B-AF73-6F16FF9D413F}"
EndProject
Project("{2150E333-8FDC-42A3-9474-1A3956D46DE8}") = "Application", "Application", "{5C10150B-D814-4859-81FD-539EA665F991}"
EndProject
Project("{2150E333-8FDC-42A3-9474-1A3956D46DE8}") = "Adapters", "Adapters", "{75261534-82EB-49DC-A4F4-ACD1F087BDD2}"
EndProject
Project("{9A19103F-16F7-4668-BE54-9A1E7A4F7556}") = "DomainTest", "BookingService\Tests\Domain\DomainTest\DomainTest.csproj", "{9D5C0AD1-4560-439A-A668-6632E3A8DF99}"
EndProject
Project("{9A19103F-16F7-4668-BE54-9A1E7A4F7556}") = "ApplicationTests", "BookingService\Tests\Application\ApplicationTests\ApplicationTests.csproj", "{B00BE373-87CD-45C9-9428-6A8A2EE42B25}"
EndProject
Project("{9A19103F-16F7-4668-BE54-9A1E7A4F7556}") = "AdaptersTests", "BookingService\Tests\Adapters\AdaptersTests\AdaptersTests.csproj", "{15765345-9295-4FA9-8878-ACF2BE7AC769}"
EndProject
Project("{9A19103F-16F7-4668-BE54-9A1E7A4F7556}") = "API", "BookingService\Comsumers\API\API.csproj", "{55013F4C-D112-4985-AA88-193C2998B150}"
EndProject
Project("{9A19103F-16F7-4668-BE54-9A1E7A4F7556}") = "DataBase", "BookingService\Adapters\DataBase\DataBase.csproj", "{F8B4880B-1576-496E-9AC5-59CD4D89CEA1}"
EndProject
Project("{9A19103F-16F7-4668-BE54-9A1E7A4F7556}") = "Application", "BookingService\Core\Application\Application.csproj", "{84309129-684F-497D-B95B-BAA216CBE591}"
EndProject
Project("{9A19103F-16F7-4668-BE54-9A1E7A4F7556}") = "Domain", "BookingService\Core\Domain\Domain.csproj", "{314A7ED8-D0B8-4FEB-82F3-1B93F9799694}"
EndProject
Global
	GlobalSection(SolutionConfigurationPlatforms) = preSolution
		Debug|Any CPU = Debug|Any CPU
		Release|Any CPU = Release|Any CPU
	EndGlobalSection
	GlobalSection(ProjectConfigurationPlatforms) = postSolution
		{9D5C0AD1-4560-439A-A668-6632E3A8DF99}.Debug|Any CPU.ActiveCfg = Debug|Any CPU
		{9D5C0AD1-4560-439A-A668-6632E3A8DF99}.Debug|Any CPU.Build.0 = Debug|Any CPU
		{9D5C0AD1-4560-439A-A668-6632E3A8DF99}.Release|Any CPU.ActiveCfg = Release|Any CPU
		{9D5C0AD1-4560-439A-A668-6632E3A8DF99}.Release|Any CPU.Build.0 = Release|Any CPU
		{B00BE373-87CD-45C9-9428-6A8A2EE42B25}.Debug|Any CPU.ActiveCfg = Debug|Any CPU
		{B00BE373-87CD-45C9-9428-6A8A2EE42B25}.Debug|Any CPU.Build.0 = Debug|Any CPU
		{B00BE373-87CD-45C9-9428-6A8A2EE42B25}.Release|Any CPU.ActiveCfg = Release|Any CPU
		{B00BE373-87CD-45C9-9428-6A8A2EE42B25}.Release|Any CPU.Build.0 = Release|Any CPU
		{15765345-9295-4FA9-8878-ACF2BE7AC769}.Debug|Any CPU.ActiveCfg = Debug|Any CPU
		{15765345-9295-4FA9-8878-ACF2BE7AC769}.Debug|Any CPU.Build.0 = Debug|Any CPU
		{15765345-9295-4FA9-8878-ACF2BE7AC769}.Release|Any CPU.ActiveCfg = Release|Any CPU
		{15765345-9295-4FA9-8878-ACF2BE7AC769}.Release|Any CPU.Build.0 = Release|Any CPU
		{55013F4C-D112-4985-AA88-193C2998B150}.Debug|Any CPU.ActiveCfg = Debug|Any CPU
		{55013F4C-D112-4985-AA88-193C2998B150}.Debug|Any CPU.Build.0 = Debug|Any CPU
		{55013F4C-D112-4985-AA88-193C2998B150}.Release|Any CPU.ActiveCfg = Release|Any CPU
		{55013F4C-D112-4985-AA88-193C2998B150}.Release|Any CPU.Build.0 = Release|Any CPU
		{F8B4880B-1576-496E-9AC5-59CD4D89CEA1}.Debug|Any CPU.ActiveCfg = Debug|Any CPU
		{F8B4880B-1576-496E-9AC5-59CD4D89CEA1}.Debug|Any CPU.Build.0 = Debug|Any CPU
		{F8B4880B-1576-496E-9AC5-59CD4D89CEA1}.Release|Any CPU.ActiveCfg = Release|Any CPU
		{F8B4880B-1576-496E-9AC5-59CD4D89CEA1}.Release|Any CPU.Build.0 = Release|Any CPU
		{84309129-684F-497D-B95B-BAA216CBE591}.Debug|Any CPU.ActiveCfg = Debug|Any CPU
		{84309129-684F-497D-B95B-BAA216CBE591}.Debug|Any CPU.Build.0 = Debug|Any CPU
		{84309129-684F-497D-B95B-BAA216CBE591}.Release|Any CPU.ActiveCfg = Release|Any CPU
		{84309129-684F-497D-B95B-BAA216CBE591}.Release|Any CPU.Build.0 = Release|Any CPU
		{314A7ED8-D0B8-4FEB-82F3-1B93F9799694}.Debug|Any CPU.ActiveCfg = Debug|Any CPU
		{314A7ED8-D0B8-4FEB-82F3-1B93F9799694}.Debug|Any CPU.Build.0 = Debug|Any CPU
		{314A7ED8-D0B8-4FEB-82F3-1B93F9799694}.Release|Any CPU.ActiveCfg = Release|Any CPU
		{314A7ED8-D0B8-4FEB-82F3-1B93F9799694}.Release|Any CPU.Build.0 = Release|Any CPU
	EndGlobalSection
	GlobalSection(SolutionProperties) = preSolution
		HideSolutionNode = FALSE
	EndGlobalSection
	GlobalSection(NestedProjects) = preSolution
		{6B8476F8-6C87-4937-940F-D35956DD219A} = {E51704A4-74A6-4ACD-AB75-F3EDB07B75B0}
		{C44D92E5-B5D9-4E7A-B17F-57F3FCFC246B} = {E51704A4-74A6-4ACD-AB75-F3EDB07B75B0}
		{99683532-E210-4267-8938-1A23384CF518} = {E51704A4-74A6-4ACD-AB75-F3EDB07B75B0}
		{566ED0CA-9FBC-4DFE-B6DE-F2E55104B212} = {99683532-E210-4267-8938-1A23384CF518}
		{FD7CF4A9-3662-44C1-88C2-C7A3D6FC9A2C} = {99683532-E210-4267-8938-1A23384CF518}
		{F5723664-4D68-49F5-987C-8E0E293E7BE9} = {E51704A4-74A6-4ACD-AB75-F3EDB07B75B0}
		{87E0124D-CD75-437B-AF73-6F16FF9D413F} = {F5723664-4D68-49F5-987C-8E0E293E7BE9}
		{5C10150B-D814-4859-81FD-539EA665F991} = {F5723664-4D68-49F5-987C-8E0E293E7BE9}
		{75261534-82EB-49DC-A4F4-ACD1F087BDD2} = {F5723664-4D68-49F5-987C-8E0E293E7BE9}
		{9D5C0AD1-4560-439A-A668-6632E3A8DF99} = {87E0124D-CD75-437B-AF73-6F16FF9D413F}
		{B00BE373-87CD-45C9-9428-6A8A2EE42B25} = {5C10150B-D814-4859-81FD-539EA665F991}
		{15765345-9295-4FA9-8878-ACF2BE7AC769} = {75261534-82EB-49DC-A4F4-ACD1F087BDD2}
		{55013F4C-D112-4985-AA88-193C2998B150} = {C44D92E5-B5D9-4E7A-B17F-57F3FCFC246B}
		{F8B4880B-1576-496E-9AC5-59CD4D89CEA1} = {6B8476F8-6C87-4937-940F-D35956DD219A}
		{84309129-684F-497D-B95B-BAA216CBE591} = {566ED0CA-9FBC-4DFE-B6DE-F2E55104B212}
		{314A7ED8-D0B8-4FEB-82F3-1B93F9799694} = {FD7CF4A9-3662-44C1-88C2-C7A3D6FC9A2C}
	EndGlobalSection
	GlobalSection(ExtensibilityGlobals) = postSolution
		SolutionGuid = {42FCCA1E-06CA-446A-A73E-176F35C2DE9E}
	EndGlobalSection
EndGlobal
